// !$*UTF8*$!
{
	archiveVersion = 1;
	classes = {
	};
	objectVersion = 46;
	objects = {

/* Begin PBXBuildFile section */
		37088F5A204A53EC0010657B /* AppDelegate.swift in Sources */ = {isa = PBXBuildFile; fileRef = 37088F59204A53EC0010657B /* AppDelegate.swift */; };
		37088F5C204A53EC0010657B /* mainViewController.swift in Sources */ = {isa = PBXBuildFile; fileRef = 37088F5B204A53EC0010657B /* mainViewController.swift */; };
		37088F5F204A53EC0010657B /* Main.storyboard in Resources */ = {isa = PBXBuildFile; fileRef = 37088F5D204A53EC0010657B /* Main.storyboard */; };
		37088F64204A53EC0010657B /* LaunchScreen.storyboard in Resources */ = {isa = PBXBuildFile; fileRef = 37088F62204A53EC0010657B /* LaunchScreen.storyboard */; };
		37088F6D204BB7F50010657B /* Assets.xcassets in Resources */ = {isa = PBXBuildFile; fileRef = 37088F6B204BB7F50010657B /* Assets.xcassets */; };
		3728990B2066C91000CBD346 /* createGameViewController.swift in Sources */ = {isa = PBXBuildFile; fileRef = 3728990A2066C91000CBD346 /* createGameViewController.swift */; };
		3728990D2066CE1E00CBD346 /* addedInfosViewController.swift in Sources */ = {isa = PBXBuildFile; fileRef = 3728990C2066CE1E00CBD346 /* addedInfosViewController.swift */; };
		37889F152058BB2400389D80 /* GradientView.swift in Sources */ = {isa = PBXBuildFile; fileRef = 37889F142058BB2400389D80 /* GradientView.swift */; };
		37B8DF972079B48F00571218 /* CardRegisteredCollectionViewCell.swift in Sources */ = {isa = PBXBuildFile; fileRef = 37B8DF962079B48F00571218 /* CardRegisteredCollectionViewCell.swift */; };
		37B8DF992079CD0500571218 /* Card.swift in Sources */ = {isa = PBXBuildFile; fileRef = 37B8DF982079CD0500571218 /* Card.swift */; };
		37B8DF9B207AD14800571218 /* CardsRegisteredViewController.swift in Sources */ = {isa = PBXBuildFile; fileRef = 37B8DF9A207AD14800571218 /* CardsRegisteredViewController.swift */; };
		37B8DF9F207EEEDC00571218 /* SaveNewGameViewController.swift in Sources */ = {isa = PBXBuildFile; fileRef = 37B8DF9E207EEEDC00571218 /* SaveNewGameViewController.swift */; };
		37C79A8C204C330E00D35D0B /* levelViewController.swift in Sources */ = {isa = PBXBuildFile; fileRef = 37C79A8B204C330E00D35D0B /* levelViewController.swift */; };
		37C79A8E204C686600D35D0B /* DesignableView.swift in Sources */ = {isa = PBXBuildFile; fileRef = 37C79A8D204C686600D35D0B /* DesignableView.swift */; };
		A2E2289B7F1D3689BAEF5023 /* Pods_alzheimer_tcc.framework in Frameworks */ = {isa = PBXBuildFile; fileRef = 864C97158330A21E61BC56D7 /* Pods_alzheimer_tcc.framework */; };
/* End PBXBuildFile section */

/* Begin PBXFileReference section */
		37088F56204A53EC0010657B /* alzheimer-tcc.app */ = {isa = PBXFileReference; explicitFileType = wrapper.application; includeInIndex = 0; path = "alzheimer-tcc.app"; sourceTree = BUILT_PRODUCTS_DIR; };
		37088F59204A53EC0010657B /* AppDelegate.swift */ = {isa = PBXFileReference; lastKnownFileType = sourcecode.swift; path = AppDelegate.swift; sourceTree = "<group>"; };
		37088F5B204A53EC0010657B /* mainViewController.swift */ = {isa = PBXFileReference; lastKnownFileType = sourcecode.swift; path = mainViewController.swift; sourceTree = "<group>"; };
		37088F5E204A53EC0010657B /* Base */ = {isa = PBXFileReference; lastKnownFileType = file.storyboard; name = Base; path = Base.lproj/Main.storyboard; sourceTree = "<group>"; };
		37088F63204A53EC0010657B /* Base */ = {isa = PBXFileReference; lastKnownFileType = file.storyboard; name = Base; path = Base.lproj/LaunchScreen.storyboard; sourceTree = "<group>"; };
		37088F65204A53EC0010657B /* Info.plist */ = {isa = PBXFileReference; lastKnownFileType = text.plist.xml; path = Info.plist; sourceTree = "<group>"; };
		37088F6B204BB7F50010657B /* Assets.xcassets */ = {isa = PBXFileReference; lastKnownFileType = folder.assetcatalog; path = Assets.xcassets; sourceTree = "<group>"; };
		3728990A2066C91000CBD346 /* createGameViewController.swift */ = {isa = PBXFileReference; lastKnownFileType = sourcecode.swift; path = createGameViewController.swift; sourceTree = "<group>"; };
		3728990C2066CE1E00CBD346 /* addedInfosViewController.swift */ = {isa = PBXFileReference; lastKnownFileType = sourcecode.swift; path = addedInfosViewController.swift; sourceTree = "<group>"; };
		37889F142058BB2400389D80 /* GradientView.swift */ = {isa = PBXFileReference; fileEncoding = 4; lastKnownFileType = sourcecode.swift; path = GradientView.swift; sourceTree = "<group>"; };
		37B8DF962079B48F00571218 /* CardRegisteredCollectionViewCell.swift */ = {isa = PBXFileReference; lastKnownFileType = sourcecode.swift; path = CardRegisteredCollectionViewCell.swift; sourceTree = "<group>"; };
		37B8DF982079CD0500571218 /* Card.swift */ = {isa = PBXFileReference; lastKnownFileType = sourcecode.swift; path = Card.swift; sourceTree = "<group>"; };
		37B8DF9A207AD14800571218 /* CardsRegisteredViewController.swift */ = {isa = PBXFileReference; lastKnownFileType = sourcecode.swift; path = CardsRegisteredViewController.swift; sourceTree = "<group>"; };
		37B8DF9E207EEEDC00571218 /* SaveNewGameViewController.swift */ = {isa = PBXFileReference; lastKnownFileType = sourcecode.swift; path = SaveNewGameViewController.swift; sourceTree = "<group>"; };
		37C79A8B204C330E00D35D0B /* levelViewController.swift */ = {isa = PBXFileReference; fileEncoding = 4; lastKnownFileType = sourcecode.swift; path = levelViewController.swift; sourceTree = "<group>"; };
		37C79A8D204C686600D35D0B /* DesignableView.swift */ = {isa = PBXFileReference; fileEncoding = 4; lastKnownFileType = sourcecode.swift; path = DesignableView.swift; sourceTree = "<group>"; };
		484093AABDE432D33D081EF0 /* Pods-alzheimer-tcc.debug.xcconfig */ = {isa = PBXFileReference; includeInIndex = 1; lastKnownFileType = text.xcconfig; name = "Pods-alzheimer-tcc.debug.xcconfig"; path = "Pods/Target Support Files/Pods-alzheimer-tcc/Pods-alzheimer-tcc.debug.xcconfig"; sourceTree = "<group>"; };
		864C97158330A21E61BC56D7 /* Pods_alzheimer_tcc.framework */ = {isa = PBXFileReference; explicitFileType = wrapper.framework; includeInIndex = 0; path = Pods_alzheimer_tcc.framework; sourceTree = BUILT_PRODUCTS_DIR; };
		8F19A2F6B3C0A13AF6C44393 /* Pods-alzheimer-tcc.release.xcconfig */ = {isa = PBXFileReference; includeInIndex = 1; lastKnownFileType = text.xcconfig; name = "Pods-alzheimer-tcc.release.xcconfig"; path = "Pods/Target Support Files/Pods-alzheimer-tcc/Pods-alzheimer-tcc.release.xcconfig"; sourceTree = "<group>"; };
/* End PBXFileReference section */

/* Begin PBXFrameworksBuildPhase section */
		37088F53204A53EB0010657B /* Frameworks */ = {
			isa = PBXFrameworksBuildPhase;
			buildActionMask = 2147483647;
			files = (
				A2E2289B7F1D3689BAEF5023 /* Pods_alzheimer_tcc.framework in Frameworks */,
			);
			runOnlyForDeploymentPostprocessing = 0;
		};
/* End PBXFrameworksBuildPhase section */

/* Begin PBXGroup section */
		2DA47D5D0326176DC50BAE79 /* Pods */ = {
			isa = PBXGroup;
			children = (
				484093AABDE432D33D081EF0 /* Pods-alzheimer-tcc.debug.xcconfig */,
				8F19A2F6B3C0A13AF6C44393 /* Pods-alzheimer-tcc.release.xcconfig */,
			);
			name = Pods;
			sourceTree = "<group>";
		};
		37088F4D204A53EB0010657B = {
			isa = PBXGroup;
			children = (
				37088F58204A53EC0010657B /* alzheimer-tcc */,
				37088F57204A53EC0010657B /* Products */,
				2DA47D5D0326176DC50BAE79 /* Pods */,
				DE759A22C3DBB5EB2EF6D690 /* Frameworks */,
			);
			sourceTree = "<group>";
		};
		37088F57204A53EC0010657B /* Products */ = {
			isa = PBXGroup;
			children = (
				37088F56204A53EC0010657B /* alzheimer-tcc.app */,
			);
			name = Products;
			sourceTree = "<group>";
		};
		37088F58204A53EC0010657B /* alzheimer-tcc */ = {
			isa = PBXGroup;
			children = (
				37B8DF9D207AD77900571218 /* Struct */,
				37289909206676B200CBD346 /* Supporting Files */,
				37C79A8A204C327C00D35D0B /* ViewController */,
				37C79A8F204C686D00D35D0B /* Resources */,
				37088F62204A53EC0010657B /* LaunchScreen.storyboard */,
			);
			path = "alzheimer-tcc";
			sourceTree = "<group>";
		};
		37289909206676B200CBD346 /* Supporting Files */ = {
			isa = PBXGroup;
			children = (
				37088F65204A53EC0010657B /* Info.plist */,
				37088F5D204A53EC0010657B /* Main.storyboard */,
				37088F59204A53EC0010657B /* AppDelegate.swift */,
			);
			name = "Supporting Files";
			sourceTree = "<group>";
		};
		37B8DF952079B43D00571218 /* CollectionViewCell */ = {
			isa = PBXGroup;
			children = (
				37B8DF962079B48F00571218 /* CardRegisteredCollectionViewCell.swift */,
			);
			name = CollectionViewCell;
			sourceTree = "<group>";
		};
		37B8DF9D207AD77900571218 /* Struct */ = {
			isa = PBXGroup;
			children = (
				37B8DF982079CD0500571218 /* Card.swift */,
			);
			name = Struct;
			sourceTree = "<group>";
		};
		37C79A8A204C327C00D35D0B /* ViewController */ = {
			isa = PBXGroup;
			children = (
				37B8DF952079B43D00571218 /* CollectionViewCell */,
				37088F5B204A53EC0010657B /* mainViewController.swift */,
				37C79A8B204C330E00D35D0B /* levelViewController.swift */,
				3728990A2066C91000CBD346 /* createGameViewController.swift */,
				3728990C2066CE1E00CBD346 /* addedInfosViewController.swift */,
				37B8DF9A207AD14800571218 /* CardsRegisteredViewController.swift */,
				37B8DF9E207EEEDC00571218 /* SaveNewGameViewController.swift */,
			);
			name = ViewController;
			sourceTree = "<group>";
		};
		37C79A8F204C686D00D35D0B /* Resources */ = {
			isa = PBXGroup;
			children = (
				37C79A8D204C686600D35D0B /* DesignableView.swift */,
				37088F6B204BB7F50010657B /* Assets.xcassets */,
				37889F142058BB2400389D80 /* GradientView.swift */,
			);
			name = Resources;
			sourceTree = "<group>";
		};
		DE759A22C3DBB5EB2EF6D690 /* Frameworks */ = {
			isa = PBXGroup;
			children = (
				864C97158330A21E61BC56D7 /* Pods_alzheimer_tcc.framework */,
			);
			name = Frameworks;
			sourceTree = "<group>";
		};
/* End PBXGroup section */

/* Begin PBXNativeTarget section */
		37088F55204A53EB0010657B /* alzheimer-tcc */ = {
			isa = PBXNativeTarget;
			buildConfigurationList = 37088F68204A53EC0010657B /* Build configuration list for PBXNativeTarget "alzheimer-tcc" */;
			buildPhases = (
				C0C4AAE3C400E31A8D70C40F /* [CP] Check Pods Manifest.lock */,
				37088F52204A53EB0010657B /* Sources */,
				37088F53204A53EB0010657B /* Frameworks */,
				37088F54204A53EB0010657B /* Resources */,
				99695F82B551F5C127CBF5CE /* [CP] Embed Pods Frameworks */,
			);
			buildRules = (
			);
			dependencies = (
			);
			name = "alzheimer-tcc";
			productName = "alzheimer-tcc";
			productReference = 37088F56204A53EC0010657B /* alzheimer-tcc.app */;
			productType = "com.apple.product-type.application";
		};
/* End PBXNativeTarget section */

/* Begin PBXProject section */
		37088F4E204A53EB0010657B /* Project object */ = {
			isa = PBXProject;
			attributes = {
				LastSwiftUpdateCheck = 0800;
				LastUpgradeCheck = 0920;
				ORGANIZATIONNAME = "Amanda Campos";
				TargetAttributes = {
					37088F55204A53EB0010657B = {
						CreatedOnToolsVersion = 8.0;
						DevelopmentTeam = 55Z8HFH9WB;
						LastSwiftMigration = 0920;
						ProvisioningStyle = Automatic;
					};
				};
			};
			buildConfigurationList = 37088F51204A53EB0010657B /* Build configuration list for PBXProject "alzheimer-tcc" */;
			compatibilityVersion = "Xcode 3.2";
			developmentRegion = English;
			hasScannedForEncodings = 0;
			knownRegions = (
				en,
				Base,
			);
			mainGroup = 37088F4D204A53EB0010657B;
			productRefGroup = 37088F57204A53EC0010657B /* Products */;
			projectDirPath = "";
			projectRoot = "";
			targets = (
				37088F55204A53EB0010657B /* alzheimer-tcc */,
			);
		};
/* End PBXProject section */

/* Begin PBXResourcesBuildPhase section */
		37088F54204A53EB0010657B /* Resources */ = {
			isa = PBXResourcesBuildPhase;
			buildActionMask = 2147483647;
			files = (
				37088F64204A53EC0010657B /* LaunchScreen.storyboard in Resources */,
				37088F6D204BB7F50010657B /* Assets.xcassets in Resources */,
				37088F5F204A53EC0010657B /* Main.storyboard in Resources */,
			);
			runOnlyForDeploymentPostprocessing = 0;
		};
/* End PBXResourcesBuildPhase section */

/* Begin PBXShellScriptBuildPhase section */
		99695F82B551F5C127CBF5CE /* [CP] Embed Pods Frameworks */ = {
			isa = PBXShellScriptBuildPhase;
			buildActionMask = 2147483647;
			files = (
			);
			inputPaths = (
				"${SRCROOT}/Pods/Target Support Files/Pods-alzheimer-tcc/Pods-alzheimer-tcc-frameworks.sh",
				"${BUILT_PRODUCTS_DIR}/Realm/Realm.framework",
				"${BUILT_PRODUCTS_DIR}/RealmSwift/RealmSwift.framework",
			);
			name = "[CP] Embed Pods Frameworks";
			outputPaths = (
				"${TARGET_BUILD_DIR}/${FRAMEWORKS_FOLDER_PATH}/Realm.framework",
				"${TARGET_BUILD_DIR}/${FRAMEWORKS_FOLDER_PATH}/RealmSwift.framework",
			);
			runOnlyForDeploymentPostprocessing = 0;
			shellPath = /bin/sh;
			shellScript = "\"${SRCROOT}/Pods/Target Support Files/Pods-alzheimer-tcc/Pods-alzheimer-tcc-frameworks.sh\"\n";
			showEnvVarsInLog = 0;
		};
		C0C4AAE3C400E31A8D70C40F /* [CP] Check Pods Manifest.lock */ = {
			isa = PBXShellScriptBuildPhase;
			buildActionMask = 2147483647;
			files = (
			);
			inputPaths = (
				"${PODS_PODFILE_DIR_PATH}/Podfile.lock",
				"${PODS_ROOT}/Manifest.lock",
			);
			name = "[CP] Check Pods Manifest.lock";
			outputPaths = (
				"$(DERIVED_FILE_DIR)/Pods-alzheimer-tcc-checkManifestLockResult.txt",
			);
			runOnlyForDeploymentPostprocessing = 0;
			shellPath = /bin/sh;
			shellScript = "diff \"${PODS_PODFILE_DIR_PATH}/Podfile.lock\" \"${PODS_ROOT}/Manifest.lock\" > /dev/null\nif [ $? != 0 ] ; then\n    # print error to STDERR\n    echo \"error: The sandbox is not in sync with the Podfile.lock. Run 'pod install' or update your CocoaPods installation.\" >&2\n    exit 1\nfi\n# This output is used by Xcode 'outputs' to avoid re-running this script phase.\necho \"SUCCESS\" > \"${SCRIPT_OUTPUT_FILE_0}\"\n";
			showEnvVarsInLog = 0;
		};
/* End PBXShellScriptBuildPhase section */

/* Begin PBXSourcesBuildPhase section */
		37088F52204A53EB0010657B /* Sources */ = {
			isa = PBXSourcesBuildPhase;
			buildActionMask = 2147483647;
			files = (
				37B8DF9F207EEEDC00571218 /* SaveNewGameViewController.swift in Sources */,
				37C79A8E204C686600D35D0B /* DesignableView.swift in Sources */,
				37B8DF972079B48F00571218 /* CardRegisteredCollectionViewCell.swift in Sources */,
				37088F5C204A53EC0010657B /* mainViewController.swift in Sources */,
				37B8DF992079CD0500571218 /* Card.swift in Sources */,
				37B8DF9B207AD14800571218 /* CardsRegisteredViewController.swift in Sources */,
				3728990B2066C91000CBD346 /* createGameViewController.swift in Sources */,
				37889F152058BB2400389D80 /* GradientView.swift in Sources */,
				37088F5A204A53EC0010657B /* AppDelegate.swift in Sources */,
				37C79A8C204C330E00D35D0B /* levelViewController.swift in Sources */,
				3728990D2066CE1E00CBD346 /* addedInfosViewController.swift in Sources */,
			);
			runOnlyForDeploymentPostprocessing = 0;
		};
/* End PBXSourcesBuildPhase section */

/* Begin PBXVariantGroup section */
		37088F5D204A53EC0010657B /* Main.storyboard */ = {
			isa = PBXVariantGroup;
			children = (
				37088F5E204A53EC0010657B /* Base */,
			);
			name = Main.storyboard;
			sourceTree = "<group>";
		};
		37088F62204A53EC0010657B /* LaunchScreen.storyboard */ = {
			isa = PBXVariantGroup;
			children = (
				37088F63204A53EC0010657B /* Base */,
			);
			name = LaunchScreen.storyboard;
			sourceTree = "<group>";
		};
/* End PBXVariantGroup section */

/* Begin XCBuildConfiguration section */
		37088F66204A53EC0010657B /* Debug */ = {
			isa = XCBuildConfiguration;
			buildSettings = {
				ALWAYS_SEARCH_USER_PATHS = NO;
				CLANG_ANALYZER_NONNULL = YES;
				CLANG_CXX_LANGUAGE_STANDARD = "gnu++0x";
				CLANG_CXX_LIBRARY = "libc++";
				CLANG_ENABLE_MODULES = YES;
				CLANG_ENABLE_OBJC_ARC = YES;
				CLANG_WARN_BLOCK_CAPTURE_AUTORELEASING = YES;
				CLANG_WARN_BOOL_CONVERSION = YES;
				CLANG_WARN_COMMA = YES;
				CLANG_WARN_CONSTANT_CONVERSION = YES;
				CLANG_WARN_DIRECT_OBJC_ISA_USAGE = YES_ERROR;
				CLANG_WARN_DOCUMENTATION_COMMENTS = YES;
				CLANG_WARN_EMPTY_BODY = YES;
				CLANG_WARN_ENUM_CONVERSION = YES;
				CLANG_WARN_INFINITE_RECURSION = YES;
				CLANG_WARN_INT_CONVERSION = YES;
				CLANG_WARN_NON_LITERAL_NULL_CONVERSION = YES;
				CLANG_WARN_OBJC_LITERAL_CONVERSION = YES;
				CLANG_WARN_OBJC_ROOT_CLASS = YES_ERROR;
				CLANG_WARN_RANGE_LOOP_ANALYSIS = YES;
				CLANG_WARN_STRICT_PROTOTYPES = YES;
				CLANG_WARN_SUSPICIOUS_MOVE = YES;
				CLANG_WARN_SUSPICIOUS_MOVES = YES;
				CLANG_WARN_UNREACHABLE_CODE = YES;
				CLANG_WARN__DUPLICATE_METHOD_MATCH = YES;
				"CODE_SIGN_IDENTITY[sdk=iphoneos*]" = "iPhone Developer";
				COPY_PHASE_STRIP = NO;
				DEBUG_INFORMATION_FORMAT = dwarf;
				ENABLE_STRICT_OBJC_MSGSEND = YES;
				ENABLE_TESTABILITY = YES;
				GCC_C_LANGUAGE_STANDARD = gnu99;
				GCC_DYNAMIC_NO_PIC = NO;
				GCC_NO_COMMON_BLOCKS = YES;
				GCC_OPTIMIZATION_LEVEL = 0;
				GCC_PREPROCESSOR_DEFINITIONS = (
					"DEBUG=1",
					"$(inherited)",
				);
				GCC_WARN_64_TO_32_BIT_CONVERSION = YES;
				GCC_WARN_ABOUT_RETURN_TYPE = YES_ERROR;
				GCC_WARN_UNDECLARED_SELECTOR = YES;
				GCC_WARN_UNINITIALIZED_AUTOS = YES_AGGRESSIVE;
				GCC_WARN_UNUSED_FUNCTION = YES;
				GCC_WARN_UNUSED_VARIABLE = YES;
				IPHONEOS_DEPLOYMENT_TARGET = 10.0;
				MTL_ENABLE_DEBUG_INFO = YES;
				ONLY_ACTIVE_ARCH = YES;
				SDKROOT = iphoneos;
				SWIFT_ACTIVE_COMPILATION_CONDITIONS = DEBUG;
				SWIFT_OPTIMIZATION_LEVEL = "-Onone";
				TARGETED_DEVICE_FAMILY = 2;
			};
			name = Debug;
		};
		37088F67204A53EC0010657B /* Release */ = {
			isa = XCBuildConfiguration;
			buildSettings = {
				ALWAYS_SEARCH_USER_PATHS = NO;
				CLANG_ANALYZER_NONNULL = YES;
				CLANG_CXX_LANGUAGE_STANDARD = "gnu++0x";
				CLANG_CXX_LIBRARY = "libc++";
				CLANG_ENABLE_MODULES = YES;
				CLANG_ENABLE_OBJC_ARC = YES;
				CLANG_WARN_BLOCK_CAPTURE_AUTORELEASING = YES;
				CLANG_WARN_BOOL_CONVERSION = YES;
				CLANG_WARN_COMMA = YES;
				CLANG_WARN_CONSTANT_CONVERSION = YES;
				CLANG_WARN_DIRECT_OBJC_ISA_USAGE = YES_ERROR;
				CLANG_WARN_DOCUMENTATION_COMMENTS = YES;
				CLANG_WARN_EMPTY_BODY = YES;
				CLANG_WARN_ENUM_CONVERSION = YES;
				CLANG_WARN_INFINITE_RECURSION = YES;
				CLANG_WARN_INT_CONVERSION = YES;
				CLANG_WARN_NON_LITERAL_NULL_CONVERSION = YES;
				CLANG_WARN_OBJC_LITERAL_CONVERSION = YES;
				CLANG_WARN_OBJC_ROOT_CLASS = YES_ERROR;
				CLANG_WARN_RANGE_LOOP_ANALYSIS = YES;
				CLANG_WARN_STRICT_PROTOTYPES = YES;
				CLANG_WARN_SUSPICIOUS_MOVE = YES;
				CLANG_WARN_SUSPICIOUS_MOVES = YES;
				CLANG_WARN_UNREACHABLE_CODE = YES;
				CLANG_WARN__DUPLICATE_METHOD_MATCH = YES;
				"CODE_SIGN_IDENTITY[sdk=iphoneos*]" = "iPhone Developer";
				COPY_PHASE_STRIP = NO;
				DEBUG_INFORMATION_FORMAT = "dwarf-with-dsym";
				ENABLE_NS_ASSERTIONS = NO;
				ENABLE_STRICT_OBJC_MSGSEND = YES;
				GCC_C_LANGUAGE_STANDARD = gnu99;
				GCC_NO_COMMON_BLOCKS = YES;
				GCC_WARN_64_TO_32_BIT_CONVERSION = YES;
				GCC_WARN_ABOUT_RETURN_TYPE = YES_ERROR;
				GCC_WARN_UNDECLARED_SELECTOR = YES;
				GCC_WARN_UNINITIALIZED_AUTOS = YES_AGGRESSIVE;
				GCC_WARN_UNUSED_FUNCTION = YES;
				GCC_WARN_UNUSED_VARIABLE = YES;
				IPHONEOS_DEPLOYMENT_TARGET = 10.0;
				MTL_ENABLE_DEBUG_INFO = NO;
				SDKROOT = iphoneos;
				SWIFT_OPTIMIZATION_LEVEL = "-Owholemodule";
				TARGETED_DEVICE_FAMILY = 2;
				VALIDATE_PRODUCT = YES;
			};
			name = Release;
		};
		37088F69204A53EC0010657B /* Debug */ = {
			isa = XCBuildConfiguration;
			baseConfigurationReference = 484093AABDE432D33D081EF0 /* Pods-alzheimer-tcc.debug.xcconfig */;
			buildSettings = {
				ASSETCATALOG_COMPILER_APPICON_NAME = AppIcon;
				DEVELOPMENT_TEAM = 55Z8HFH9WB;
				INFOPLIST_FILE = "alzheimer-tcc/Info.plist";
				LD_RUNPATH_SEARCH_PATHS = "$(inherited) @executable_path/Frameworks";
				PRODUCT_BUNDLE_IDENTIFIER = "com.br.amandacampos.alzheimer-tcc";
				PRODUCT_NAME = "$(TARGET_NAME)";
				SWIFT_SWIFT3_OBJC_INFERENCE = On;
				SWIFT_VERSION = 4.0;
			};
			name = Debug;
		};
		37088F6A204A53EC0010657B /* Release */ = {
			isa = XCBuildConfiguration;
			baseConfigurationReference = 8F19A2F6B3C0A13AF6C44393 /* Pods-alzheimer-tcc.release.xcconfig */;
			buildSettings = {
				ASSETCATALOG_COMPILER_APPICON_NAME = AppIcon;
				DEVELOPMENT_TEAM = 55Z8HFH9WB;
				INFOPLIST_FILE = "alzheimer-tcc/Info.plist";
				LD_RUNPATH_SEARCH_PATHS = "$(inherited) @executable_path/Frameworks";
				PRODUCT_BUNDLE_IDENTIFIER = "com.br.amandacampos.alzheimer-tcc";
				PRODUCT_NAME = "$(TARGET_NAME)";
				SWIFT_SWIFT3_OBJC_INFERENCE = On;
				SWIFT_VERSION = 4.0;
			};
			name = Release;
		};
/* End XCBuildConfiguration section */

/* Begin XCConfigurationList section */
		37088F51204A53EB0010657B /* Build configuration list for PBXProject "alzheimer-tcc" */ = {
			isa = XCConfigurationList;
			buildConfigurations = (
				37088F66204A53EC0010657B /* Debug */,
				37088F67204A53EC0010657B /* Release */,
			);
			defaultConfigurationIsVisible = 0;
			defaultConfigurationName = Release;
		};
		37088F68204A53EC0010657B /* Build configuration list for PBXNativeTarget "alzheimer-tcc" */ = {
			isa = XCConfigurationList;
			buildConfigurations = (
				37088F69204A53EC0010657B /* Debug */,
				37088F6A204A53EC0010657B /* Release */,
			);
			defaultConfigurationIsVisible = 0;
			defaultConfigurationName = Release;
		};
/* End XCConfigurationList section */
	};
	rootObject = 37088F4E204A53EB0010657B /* Project object */;
}
